
Microsoft Visual Studio Solution File, Format Version 12.00
# Visual Studio 15
VisualStudioVersion = 15.0.27703.2035
MinimumVisualStudioVersion = 10.0.40219.1
Project("{2150E333-8FDC-42A3-9474-1A3956D46DE8}") = "Build", "Build", "{B2EF9525-68C9-4FE1-8614-F2D4D41CBFAC}"
	ProjectSection(SolutionItems) = preProject
		.gitignore = .gitignore
		appveyor.yml = appveyor.yml
		README.md = README.md
	EndProjectSection
EndProject
Project("{9A19103F-16F7-4668-BE54-9A1E7A4F7556}") = "CamlBuilder", "src\CamlBuilder\CamlBuilder.csproj", "{B6F28A41-B506-4029-B584-E9D0204F782F}"
EndProject
Project("{9A19103F-16F7-4668-BE54-9A1E7A4F7556}") = "CamlBuilder.UnitTests", "tests\CamlBuilder.UnitTests\CamlBuilder.UnitTests.csproj", "{D62BC0B9-0021-4F0E-8C34-15516501D728}"
EndProject
Global
	GlobalSection(SolutionConfigurationPlatforms) = preSolution
		Debug|Any CPU = Debug|Any CPU
		Release|Any CPU = Release|Any CPU
	EndGlobalSection
	GlobalSection(ProjectConfigurationPlatforms) = postSolution
		{B6F28A41-B506-4029-B584-E9D0204F782F}.Debug|Any CPU.ActiveCfg = Debug|Any CPU
		{B6F28A41-B506-4029-B584-E9D0204F782F}.Debug|Any CPU.Build.0 = Debug|Any CPU
		{B6F28A41-B506-4029-B584-E9D0204F782F}.Release|Any CPU.ActiveCfg = Release|Any CPU
		{B6F28A41-B506-4029-B584-E9D0204F782F}.Release|Any CPU.Build.0 = Release|Any CPU
		{D62BC0B9-0021-4F0E-8C34-15516501D728}.Debug|Any CPU.ActiveCfg = Debug|Any CPU
		{D62BC0B9-0021-4F0E-8C34-15516501D728}.Debug|Any CPU.Build.0 = Debug|Any CPU
		{D62BC0B9-0021-4F0E-8C34-15516501D728}.Release|Any CPU.ActiveCfg = Release|Any CPU
		{D62BC0B9-0021-4F0E-8C34-15516501D728}.Release|Any CPU.Build.0 = Release|Any CPU
	EndGlobalSection
	GlobalSection(SolutionProperties) = preSolution
		HideSolutionNode = FALSE
	EndGlobalSection
	GlobalSection(ExtensibilityGlobals) = postSolution
		SolutionGuid = {A2A49E74-E458-4473-ADE2-1FC5967EEA01}
	EndGlobalSection
EndGlobal
