
Microsoft Visual Studio Solution File, Format Version 11.00
# Visual Studio 2010
Project("{FAE04EC0-301F-11D3-BF4B-00C04F79EFBC}") = "CAMLBuilder", "CAMLBuilder\CAMLBuilder.csproj", "{7A4FE925-88E9-4820-82F8-42DFADF2694E}"
EndProject
Project("{FAE04EC0-301F-11D3-BF4B-00C04F79EFBC}") = "CAMLBuilderTestApp", "CAMLBuilderTestApp\CAMLBuilderTestApp.csproj", "{91139039-5A0D-4F27-8F43-86CDD31F44CE}"
EndProject
Global
	GlobalSection(TeamFoundationVersionControl) = preSolution
		SccNumberOfProjects = 2
		SccEnterpriseProvider = {4CA58AB2-18FA-4F8D-95D4-32DDF27D184C}
		SccTeamFoundationServer = https://tfs.codeplex.com/tfs/tfs35
		SccLocalPath0 = .
		SccProjectUniqueName1 = CAMLBuilder\\CAMLBuilder.csproj
		SccProjectName1 = CAMLBuilder
		SccLocalPath1 = CAMLBuilder
	EndGlobalSection
	GlobalSection(SolutionConfigurationPlatforms) = preSolution
		3.5|Any CPU = 3.5|Any CPU
		3.5|Mixed Platforms = 3.5|Mixed Platforms
		3.5|x86 = 3.5|x86
		3.5-Debug|Any CPU = 3.5-Debug|Any CPU
		3.5-Debug|Mixed Platforms = 3.5-Debug|Mixed Platforms
		3.5-Debug|x86 = 3.5-Debug|x86
		4.0|Any CPU = 4.0|Any CPU
		4.0|Mixed Platforms = 4.0|Mixed Platforms
		4.0|x86 = 4.0|x86
		4.0-Debug|Any CPU = 4.0-Debug|Any CPU
		4.0-Debug|Mixed Platforms = 4.0-Debug|Mixed Platforms
		4.0-Debug|x86 = 4.0-Debug|x86
	EndGlobalSection
	GlobalSection(ProjectConfigurationPlatforms) = postSolution
		{7A4FE925-88E9-4820-82F8-42DFADF2694E}.3.5|Any CPU.ActiveCfg = 3.5|Any CPU
		{7A4FE925-88E9-4820-82F8-42DFADF2694E}.3.5|Any CPU.Build.0 = 3.5|Any CPU
		{7A4FE925-88E9-4820-82F8-42DFADF2694E}.3.5|Mixed Platforms.ActiveCfg = 3.5|Any CPU
		{7A4FE925-88E9-4820-82F8-42DFADF2694E}.3.5|Mixed Platforms.Build.0 = 3.5|Any CPU
		{7A4FE925-88E9-4820-82F8-42DFADF2694E}.3.5|x86.ActiveCfg = 3.5|Any CPU
		{7A4FE925-88E9-4820-82F8-42DFADF2694E}.3.5-Debug|Any CPU.ActiveCfg = 3.5-Debug|Any CPU
		{7A4FE925-88E9-4820-82F8-42DFADF2694E}.3.5-Debug|Any CPU.Build.0 = 3.5-Debug|Any CPU
		{7A4FE925-88E9-4820-82F8-42DFADF2694E}.3.5-Debug|Mixed Platforms.ActiveCfg = 3.5-Debug|Any CPU
		{7A4FE925-88E9-4820-82F8-42DFADF2694E}.3.5-Debug|Mixed Platforms.Build.0 = 3.5-Debug|Any CPU
		{7A4FE925-88E9-4820-82F8-42DFADF2694E}.3.5-Debug|x86.ActiveCfg = 3.5-Debug|Any CPU
		{7A4FE925-88E9-4820-82F8-42DFADF2694E}.4.0|Any CPU.ActiveCfg = 4.0|Any CPU
		{7A4FE925-88E9-4820-82F8-42DFADF2694E}.4.0|Any CPU.Build.0 = 4.0|Any CPU
		{7A4FE925-88E9-4820-82F8-42DFADF2694E}.4.0|Mixed Platforms.ActiveCfg = 4.0|Any CPU
		{7A4FE925-88E9-4820-82F8-42DFADF2694E}.4.0|Mixed Platforms.Build.0 = 4.0|Any CPU
		{7A4FE925-88E9-4820-82F8-42DFADF2694E}.4.0|x86.ActiveCfg = 4.0|Any CPU
		{7A4FE925-88E9-4820-82F8-42DFADF2694E}.4.0-Debug|Any CPU.ActiveCfg = 4.0-Debug|Any CPU
		{7A4FE925-88E9-4820-82F8-42DFADF2694E}.4.0-Debug|Any CPU.Build.0 = 4.0-Debug|Any CPU
		{7A4FE925-88E9-4820-82F8-42DFADF2694E}.4.0-Debug|Mixed Platforms.ActiveCfg = 4.0-Debug|Any CPU
		{7A4FE925-88E9-4820-82F8-42DFADF2694E}.4.0-Debug|Mixed Platforms.Build.0 = 4.0-Debug|Any CPU
		{7A4FE925-88E9-4820-82F8-42DFADF2694E}.4.0-Debug|x86.ActiveCfg = 4.0-Debug|Any CPU
		{91139039-5A0D-4F27-8F43-86CDD31F44CE}.3.5|Any CPU.ActiveCfg = 3.5|x86
		{91139039-5A0D-4F27-8F43-86CDD31F44CE}.3.5|Mixed Platforms.ActiveCfg = 3.5|x86
		{91139039-5A0D-4F27-8F43-86CDD31F44CE}.3.5|Mixed Platforms.Build.0 = 3.5|x86
		{91139039-5A0D-4F27-8F43-86CDD31F44CE}.3.5|x86.ActiveCfg = 3.5|x86
		{91139039-5A0D-4F27-8F43-86CDD31F44CE}.3.5|x86.Build.0 = 3.5|x86
		{91139039-5A0D-4F27-8F43-86CDD31F44CE}.3.5-Debug|Any CPU.ActiveCfg = 3.5-Debug|x86
		{91139039-5A0D-4F27-8F43-86CDD31F44CE}.3.5-Debug|Mixed Platforms.ActiveCfg = 3.5-Debug|x86
		{91139039-5A0D-4F27-8F43-86CDD31F44CE}.3.5-Debug|Mixed Platforms.Build.0 = 3.5-Debug|x86
		{91139039-5A0D-4F27-8F43-86CDD31F44CE}.3.5-Debug|x86.ActiveCfg = 3.5-Debug|x86
		{91139039-5A0D-4F27-8F43-86CDD31F44CE}.3.5-Debug|x86.Build.0 = 3.5-Debug|x86
		{91139039-5A0D-4F27-8F43-86CDD31F44CE}.4.0|Any CPU.ActiveCfg = 4.0|x86
		{91139039-5A0D-4F27-8F43-86CDD31F44CE}.4.0|Mixed Platforms.ActiveCfg = 4.0|x86
		{91139039-5A0D-4F27-8F43-86CDD31F44CE}.4.0|Mixed Platforms.Build.0 = 4.0|x86
		{91139039-5A0D-4F27-8F43-86CDD31F44CE}.4.0|x86.ActiveCfg = 4.0|x86
		{91139039-5A0D-4F27-8F43-86CDD31F44CE}.4.0|x86.Build.0 = 4.0|x86
		{91139039-5A0D-4F27-8F43-86CDD31F44CE}.4.0-Debug|Any CPU.ActiveCfg = 4.0-Debug|x86
		{91139039-5A0D-4F27-8F43-86CDD31F44CE}.4.0-Debug|Mixed Platforms.ActiveCfg = 4.0-Debug|x86
		{91139039-5A0D-4F27-8F43-86CDD31F44CE}.4.0-Debug|Mixed Platforms.Build.0 = 4.0-Debug|x86
		{91139039-5A0D-4F27-8F43-86CDD31F44CE}.4.0-Debug|x86.ActiveCfg = 4.0-Debug|x86
		{91139039-5A0D-4F27-8F43-86CDD31F44CE}.4.0-Debug|x86.Build.0 = 4.0-Debug|x86
	EndGlobalSection
	GlobalSection(SolutionProperties) = preSolution
		HideSolutionNode = FALSE
	EndGlobalSection
EndGlobal
